// !$*UTF8*$!
{
	archiveVersion = 1;
	classes = {
	};
	objectVersion = 46;
	objects = {

/* Begin PBXBuildFile section */
		1183C2E61636113D007A5E94 /* Fraction.m in Sources */ = {isa = PBXBuildFile; fileRef = 1183C2E51636113D007A5E94 /* Fraction.m */; };
		11EF989A16360A6600CBFA28 /* Foundation.framework in Frameworks */ = {isa = PBXBuildFile; fileRef = 11EF989916360A6600CBFA28 /* Foundation.framework */; };
		11EF989D16360A6600CBFA28 /* main.m in Sources */ = {isa = PBXBuildFile; fileRef = 11EF989C16360A6600CBFA28 /* main.m */; };
		11EF98A116360A6600CBFA28 /* Hellowee.1 in CopyFiles */ = {isa = PBXBuildFile; fileRef = 11EF98A016360A6600CBFA28 /* Hellowee.1 */; };
/* End PBXBuildFile section */

/* Begin PBXCopyFilesBuildPhase section */
		11EF989316360A6600CBFA28 /* CopyFiles */ = {
			isa = PBXCopyFilesBuildPhase;
			buildActionMask = 2147483647;
			dstPath = /usr/share/man/man1/;
			dstSubfolderSpec = 0;
			files = (
				11EF98A116360A6600CBFA28 /* Hellowee.1 in CopyFiles */,
			);
			runOnlyForDeploymentPostprocessing = 1;
		};
/* End PBXCopyFilesBuildPhase section */

/* Begin PBXFileReference section */
		1183C2E41636113D007A5E94 /* Fraction.h */ = {isa = PBXFileReference; fileEncoding = 4; lastKnownFileType = sourcecode.c.h; path = Fraction.h; sourceTree = "<group>"; };
		1183C2E51636113D007A5E94 /* Fraction.m */ = {isa = PBXFileReference; fileEncoding = 4; lastKnownFileType = sourcecode.c.objc; path = Fraction.m; sourceTree = "<group>"; };
		119A865C164842200022CB34 /* numbersProtocol.h */ = {isa = PBXFileReference; lastKnownFileType = sourcecode.c.h; path = numbersProtocol.h; sourceTree = "<group>"; };
		11EF989516360A6600CBFA28 /* Hellowee */ = {isa = PBXFileReference; explicitFileType = "compiled.mach-o.executable"; includeInIndex = 0; path = Hellowee; sourceTree = BUILT_PRODUCTS_DIR; };
		11EF989916360A6600CBFA28 /* Foundation.framework */ = {isa = PBXFileReference; lastKnownFileType = wrapper.framework; name = Foundation.framework; path = System/Library/Frameworks/Foundation.framework; sourceTree = SDKROOT; };
		11EF989C16360A6600CBFA28 /* main.m */ = {isa = PBXFileReference; lastKnownFileType = sourcecode.c.objc; path = main.m; sourceTree = "<group>"; };
		11EF989F16360A6600CBFA28 /* Hellowee-Prefix.pch */ = {isa = PBXFileReference; lastKnownFileType = sourcecode.c.h; path = "Hellowee-Prefix.pch"; sourceTree = "<group>"; };
		11EF98A016360A6600CBFA28 /* Hellowee.1 */ = {isa = PBXFileReference; lastKnownFileType = text.man; path = Hellowee.1; sourceTree = "<group>"; };
/* End PBXFileReference section */

/* Begin PBXFrameworksBuildPhase section */
		11EF989216360A6600CBFA28 /* Frameworks */ = {
			isa = PBXFrameworksBuildPhase;
			buildActionMask = 2147483647;
			files = (
				11EF989A16360A6600CBFA28 /* Foundation.framework in Frameworks */,
			);
			runOnlyForDeploymentPostprocessing = 0;
		};
/* End PBXFrameworksBuildPhase section */

/* Begin PBXGroup section */
		11EF988A16360A6600CBFA28 = {
			isa = PBXGroup;
			children = (
				11EF989B16360A6600CBFA28 /* Hellowee */,
				11EF989816360A6600CBFA28 /* Frameworks */,
				11EF989616360A6600CBFA28 /* Products */,
			);
			sourceTree = "<group>";
		};
		11EF989616360A6600CBFA28 /* Products */ = {
			isa = PBXGroup;
			children = (
				11EF989516360A6600CBFA28 /* Hellowee */,
			);
			name = Products;
			sourceTree = "<group>";
		};
		11EF989816360A6600CBFA28 /* Frameworks */ = {
			isa = PBXGroup;
			children = (
				11EF989916360A6600CBFA28 /* Foundation.framework */,
			);
			name = Frameworks;
			sourceTree = "<group>";
		};
		11EF989B16360A6600CBFA28 /* Hellowee */ = {
			isa = PBXGroup;
			children = (
				11EF989C16360A6600CBFA28 /* main.m */,
				1183C2E41636113D007A5E94 /* Fraction.h */,
				119A865C164842200022CB34 /* numbersProtocol.h */,
				1183C2E51636113D007A5E94 /* Fraction.m */,
				11EF98A016360A6600CBFA28 /* Hellowee.1 */,
				11EF989E16360A6600CBFA28 /* Supporting Files */,
			);
			path = Hellowee;
			sourceTree = "<group>";
		};
		11EF989E16360A6600CBFA28 /* Supporting Files */ = {
			isa = PBXGroup;
			children = (
				11EF989F16360A6600CBFA28 /* Hellowee-Prefix.pch */,
			);
			name = "Supporting Files";
			sourceTree = "<group>";
		};
/* End PBXGroup section */

/* Begin PBXNativeTarget section */
		11EF989416360A6600CBFA28 /* Hellowee */ = {
			isa = PBXNativeTarget;
			buildConfigurationList = 11EF98A416360A6600CBFA28 /* Build configuration list for PBXNativeTarget "Hellowee" */;
			buildPhases = (
				11EF989116360A6600CBFA28 /* Sources */,
				11EF989216360A6600CBFA28 /* Frameworks */,
				11EF989316360A6600CBFA28 /* CopyFiles */,
			);
			buildRules = (
			);
			dependencies = (
			);
			name = Hellowee;
			productName = Hellowee;
			productReference = 11EF989516360A6600CBFA28 /* Hellowee */;
			productType = "com.apple.product-type.tool";
		};
/* End PBXNativeTarget section */

/* Begin PBXProject section */
		11EF988C16360A6600CBFA28 /* Project object */ = {
			isa = PBXProject;
			attributes = {
				LastUpgradeCheck = 0450;
				ORGANIZATIONNAME = IITU;
			};
			buildConfigurationList = 11EF988F16360A6600CBFA28 /* Build configuration list for PBXProject "Hellowee" */;
			compatibilityVersion = "Xcode 3.2";
			developmentRegion = English;
			hasScannedForEncodings = 0;
			knownRegions = (
				en,
			);
			mainGroup = 11EF988A16360A6600CBFA28;
			productRefGroup = 11EF989616360A6600CBFA28 /* Products */;
			projectDirPath = "";
			projectRoot = "";
			targets = (
				11EF989416360A6600CBFA28 /* Hellowee */,
			);
		};
/* End PBXProject section */

/* Begin PBXSourcesBuildPhase section */
		11EF989116360A6600CBFA28 /* Sources */ = {
			isa = PBXSourcesBuildPhase;
			buildActionMask = 2147483647;
			files = (
				11EF989D16360A6600CBFA28 /* main.m in Sources */,
				1183C2E61636113D007A5E94 /* Fraction.m in Sources */,
			);
			runOnlyForDeploymentPostprocessing = 0;
		};
/* End PBXSourcesBuildPhase section */

/* Begin XCBuildConfiguration section */
		11EF98A216360A6600CBFA28 /* Debug */ = {
			isa = XCBuildConfiguration;
			buildSettings = {
				ALWAYS_SEARCH_USER_PATHS = NO;
				ARCHS = "$(ARCHS_STANDARD_64_BIT)";
				CLANG_ENABLE_OBJC_ARC = YES;
				COPY_PHASE_STRIP = NO;
				GCC_C_LANGUAGE_STANDARD = gnu99;
				GCC_DYNAMIC_NO_PIC = NO;
				GCC_ENABLE_OBJC_EXCEPTIONS = YES;
				GCC_OPTIMIZATION_LEVEL = 0;
				GCC_PREPROCESSOR_DEFINITIONS = (
					"DEBUG=1",
					"$(inherited)",
				);
				GCC_SYMBOLS_PRIVATE_EXTERN = NO;
				GCC_VERSION = com.apple.compilers.llvm.clang.1_0;
				GCC_WARN_64_TO_32_BIT_CONVERSION = YES;
				GCC_WARN_ABOUT_MISSING_PROTOTYPES = YES;
				GCC_WARN_ABOUT_RETURN_TYPE = YES;
				GCC_WARN_UNUSED_VARIABLE = YES;
				MACOSX_DEPLOYMENT_TARGET = 10.7;
				ONLY_ACTIVE_ARCH = YES;
				SDKROOT = macosx;
			};
			name = Debug;
		};
		11EF98A316360A6600CBFA28 /* Release */ = {
			isa = XCBuildConfiguration;
			buildSettings = {
				ALWAYS_SEARCH_USER_PATHS = NO;
				ARCHS = "$(ARCHS_STANDARD_64_BIT)";
				CLANG_ENABLE_OBJC_ARC = YES;
				COPY_PHASE_STRIP = YES;
				DEBUG_INFORMATION_FORMAT = "dwarf-with-dsym";
				GCC_C_LANGUAGE_STANDARD = gnu99;
				GCC_ENABLE_OBJC_EXCEPTIONS = YES;
				GCC_VERSION = com.apple.compilers.llvm.clang.1_0;
				GCC_WARN_64_TO_32_BIT_CONVERSION = YES;
				GCC_WARN_ABOUT_MISSING_PROTOTYPES = YES;
				GCC_WARN_ABOUT_RETURN_TYPE = YES;
				GCC_WARN_UNUSED_VARIABLE = YES;
				MACOSX_DEPLOYMENT_TARGET = 10.7;
				SDKROOT = macosx;
			};
			name = Release;
		};
		11EF98A516360A6600CBFA28 /* Debug */ = {
			isa = XCBuildConfiguration;
			buildSettings = {
				GCC_PRECOMPILE_PREFIX_HEADER = YES;
				GCC_PREFIX_HEADER = "Hellowee/Hellowee-Prefix.pch";
				PRODUCT_NAME = "$(TARGET_NAME)";
			};
			name = Debug;
		};
		11EF98A616360A6600CBFA28 /* Release */ = {
			isa = XCBuildConfiguration;
			buildSettings = {
				GCC_PRECOMPILE_PREFIX_HEADER = YES;
				GCC_PREFIX_HEADER = "Hellowee/Hellowee-Prefix.pch";
				PRODUCT_NAME = "$(TARGET_NAME)";
			};
			name = Release;
		};
/* End XCBuildConfiguration section */

/* Begin XCConfigurationList section */
		11EF988F16360A6600CBFA28 /* Build configuration list for PBXProject "Hellowee" */ = {
			isa = XCConfigurationList;
			buildConfigurations = (
				11EF98A216360A6600CBFA28 /* Debug */,
				11EF98A316360A6600CBFA28 /* Release */,
			);
			defaultConfigurationIsVisible = 0;
			defaultConfigurationName = Release;
		};
		11EF98A416360A6600CBFA28 /* Build configuration list for PBXNativeTarget "Hellowee" */ = {
			isa = XCConfigurationList;
			buildConfigurations = (
				11EF98A516360A6600CBFA28 /* Debug */,
				11EF98A616360A6600CBFA28 /* Release */,
			);
			defaultConfigurationIsVisible = 0;
			defaultConfigurationName = Release;
		};
/* End XCConfigurationList section */
	};
	rootObject = 11EF988C16360A6600CBFA28 /* Project object */;
}
